hash: 8e35b400bfbd2bb7ac39cc8da3634efefb9303bbc9aa5c466e9c61fa3b8d0191
updated: 2018-05-01T14:59:55.808393722-05:00
imports:
- name: github.com/armon/go-metrics
  version: 7aa49fde808223f8dadfdbfd3a20ff6c19e5f9ec
- name: github.com/boltdb/bolt
  version: 9da31745363232bc1e27dbab3569e77383a51585
- name: github.com/cpuguy83/go-md2man
  version: 48d8747a2ca13185e7cc8efe6e9fc196a83f71a5
  subpackages:
  - md2man
- name: github.com/dgrijalva/jwt-go
  version: dbeaa9332f19a944acb5736b4456cfcc02140e29
- name: github.com/digitalrebar/logger
  version: b457bcdb411872e1b719c8d9e1bf3cd669e480ee
- name: github.com/digitalrebar/pinger
  version: 4b06d02345cad02a772ff21f13e1ef3551c943d4
- name: github.com/digitalrebar/store
  version: 2c250af948738fedc26bf17345ad9938e3acec93
- name: github.com/elazarl/go-bindata-assetfs
  version: 30f82fa23fd844bd5bb1e5f216db87fd77b5eb43
- name: github.com/elithrar/simple-scrypt
  version: 2325946f714c95de4a6088202c402fbdfa64163b
- name: github.com/fsnotify/fsnotify
  version: c2828203cd70a50dcccfb2761f8b1f8ceef9a8e9
- name: github.com/ghodss/yaml
  version: 0ca9ea5df5451ffdf184b4428c902747c2c11cd7
- name: github.com/gin-contrib/cors
  version: 51f0ef8b07e973afb8b6c192bf90d5c3e575c01a
- name: github.com/gin-contrib/location
  version: 5220ebf8be6c350431168cbd884f2c0ace0e3f4c
- name: github.com/gin-contrib/sse
  version: 22d885f9ecc78bf4ee5d72b937e4bbcdc58e8cae
- name: github.com/gin-gonic/gin
  version: 783c7ee9c14eac0e65b501664b4f553291556b43
  subpackages:
  - binding
  - json
  - render
- name: github.com/golang/protobuf
  version: bbd03ef6da3a115852eaf24c8a1c46aeb39aa175
  subpackages:
  - proto
- name: github.com/gorilla/websocket
  version: f37d1588608ec036fa9b0b7b8afbde47dc06aea9
- name: github.com/hashicorp/consul
  version: 4c90fbfd90b62889daf8c178ff5eb1a04c996a5c
  subpackages:
  - api
- name: github.com/hashicorp/go-cleanhttp
  version: d5fe4b57a186c716b0e00b8c301cbd9b4182694d
- name: github.com/hashicorp/go-immutable-radix
  version: 7f3cd4390caab3250a57f30efdb2a65dd7649ecf
- name: github.com/hashicorp/go-rootcerts
  version: 6bb64b370b90e7ef1fa532be9e591a81c3493e00
- name: github.com/hashicorp/golang-lru
  version: 0fb14efe8c47ae851c0034ed7a448854d3d34cf3
  subpackages:
  - simplelru
- name: github.com/hashicorp/serf
  version: d4f33d5b6a0b7b252b122dc80d559e9e5280d2d4
  subpackages:
  - coordinate
- name: github.com/inconshreveable/mousetrap
  version: 76626ae9c91c4f2a10f34cad8ce83ea42c93bb75
- name: github.com/jessevdk/go-flags
  version: f88afde2fa19a30cf50ba4b05b3d13bc6bae3079
- name: github.com/json-iterator/go
  version: e7c7f3b33712573affdcc7a107218e7926b9a05b
- name: github.com/krolaw/dhcp4
  version: 4abfceffa76a675ea43d133e49aad64c821d32bf
  subpackages:
  - conn
- name: github.com/mattn/go-isatty
  version: 6ca4dbf54d38eea1a992b3c722a76a5d1c4cb25c
- name: github.com/mitchellh/go-homedir
  version: b8bc1bf767474819792c23f32d8286a45736f1c6
- name: github.com/pborman/uuid
  version: c65b2f87fee37d1c7854c9164a450713c28d50cd
- name: github.com/pin/tftp
  version: d715325c1fc1f1a22a8272a60dc6783a5ab093ba
  subpackages:
  - netascii
- name: github.com/rackn/gohai
  version: 66de14f340632bf22a0a1d81b10819a778c25954
  subpackages:
  - plugins/dmi
  - plugins/net
  - plugins/storage
  - plugins/system
- name: github.com/russross/blackfriday
  version: 55d61fa8aa702f59229e6cff85793c22e580eaf5
- name: github.com/spf13/cobra
  version: be77323fc05148ef091e83b3866c0d47c8e74a8b
  subpackages:
  - doc
- name: github.com/spf13/pflag
  version: ee5fd03fd6acfd43e44aea0b4135958546ed8e73
- name: github.com/tylerb/graceful
  version: d72b0151351a13d0421b763b88f791469c4f5dc7
- name: github.com/ugorji/go
  version: b5b949564861e43a03568a0b134c135cf318e5c8
  subpackages:
  - codec
- name: github.com/VictorLowther/godmi
  version: e96629ef451766733662a029d6caebbc6f245a1b
- name: github.com/VictorLowther/jsonpatch2
  version: 728f2fee2a186b5764d9c9a8fa904279a22b1960
  subpackages:
  - utils
- name: github.com/vishvananda/netlink
  version: 25d2c79295b361cac34eb41cfae90d5c69078b2a
  subpackages:
  - nl
- name: github.com/vishvananda/netns
  version: be1fbeda19366dea804f00efff2dd73a1642fdcc
- name: github.com/xeipuuv/gojsonpointer
  version: 4e3ac2762d5f479393488629ee9370b50873b3a6
- name: github.com/xeipuuv/gojsonreference
  version: bd5ef7bd5415a7ac448318e64f11a24cd21e594b
- name: github.com/xeipuuv/gojsonschema
  version: 8bcffc811467a5f691810420385be6e66b35a317
- name: golang.org/x/crypto
  version: 432090b8f568c018896cd8a0fb0345872bbac6ce
  subpackages:
  - pbkdf2
  - scrypt
- name: golang.org/x/net
  version: cbe0f9307d0156177f9dd5dc85da1a31abc5f2fb
  subpackages:
  - bpf
  - context
  - icmp
  - internal/iana
  - internal/socket
  - ipv4
  - ipv6
  - route
- name: golang.org/x/sys
  version: 37707fdb30a5b38865cfb95e5aab41707daec7fd
  subpackages:
  - unix
- name: golang.org/x/tools
  version: 5c8013c5617234a9515f1b1379aba7e03e846479
  subpackages:
  - cover
- name: gopkg.in/go-playground/validator.v8
  version: 5f1438d3fca68893a817e4a66806cea46a9e4ebf
- name: gopkg.in/mgo.v2
  version: 3f83fa5005286a7fe593b055f0d7771a7dce4655
  repo: https://github.com/go-mgo/mgo
  subpackages:
  - bson
- name: gopkg.in/olahol/melody.v1
  version: d521390733761fe1db13de575c253afd5c743085
- name: gopkg.in/yaml.v2
  version: 5420a8b6744d3b0345ab293f6fcba19c978f1183
  repo: https://github.com/go-yaml/yaml
testImports: []
