hash: e5158e4f5d9b79afe806f75dcd1798869ac7665113daae66d466ce0793c83bc2
updated: 2017-12-21T14:02:19.838751114-06:00
imports:
- name: github.com/boltdb/bolt
  version: 2f1ce7a837dcb8da3ec595b1dac9d0632f0f99e8
- name: github.com/cpuguy83/go-md2man
  version: 1d903dcb749992f3741d744c0f8376b4bd7eb3e1
  subpackages:
  - md2man
- name: github.com/dgrijalva/jwt-go
  version: a539ee1a749a2b895533f979515ac7e6e0f5b650
- name: github.com/digitalrebar/logger
  version: 5104f2ec922a2d1051b5cef1d5bd0def244577c4
- name: github.com/digitalrebar/pinger
  version: 4b06d02345cad02a772ff21f13e1ef3551c943d4
- name: github.com/digitalrebar/store
  version: f88fa4df9c617dc0bbd7b4361fd882dabbc44ad6
- name: github.com/elazarl/go-bindata-assetfs
  version: 30f82fa23fd844bd5bb1e5f216db87fd77b5eb43
- name: github.com/elithrar/simple-scrypt
  version: 2325946f714c95de4a6088202c402fbdfa64163b
- name: github.com/fsnotify/fsnotify
  version: 4da3e2cfbabc9f751898f250b49f2439785783a1
- name: github.com/ghodss/yaml
  version: 0ca9ea5df5451ffdf184b4428c902747c2c11cd7
- name: github.com/gin-contrib/cors
  version: 88488351b0df049b2d3d65cab583c6bed894abb2
- name: github.com/gin-contrib/location
  version: 3e26b9c1187f298ae3669e41d1b696d256113f66
- name: github.com/gin-contrib/sse
  version: 22d885f9ecc78bf4ee5d72b937e4bbcdc58e8cae
- name: github.com/gin-gonic/gin
  version: 8902826696c1dad024e1c8ba4f903aa61a25c839
  subpackages:
  - binding
  - json
  - render
- name: github.com/golang/protobuf
  version: ab9f9a6dab164b7d1246e0e688b0ab7b94d8553e
  subpackages:
  - proto
- name: github.com/gorilla/websocket
  version: a69d9f6de432e2c6b296a947d8a5ee88f68522cf
- name: github.com/hashicorp/consul
  version: a0b974620c29ec9372fa0583b4f1d0f0315062c8
  subpackages:
  - api
- name: github.com/hashicorp/go-cleanhttp
  version: 3573b8b52aa7b37b9358d966a898feb387f62437
- name: github.com/hashicorp/go-rootcerts
  version: 6bb64b370b90e7ef1fa532be9e591a81c3493e00
- name: github.com/hashicorp/serf
  version: b84a66cc5575994cb672940d244a2404141688c0
  subpackages:
  - coordinate
- name: github.com/inconshreveable/mousetrap
  version: 76626ae9c91c4f2a10f34cad8ce83ea42c93bb75
- name: github.com/jessevdk/go-flags
  version: 6cf8f02b4ae8ba723ddc64dcfd403e530c06d927
- name: github.com/json-iterator/go
  version: 2dc0031b26575ddf5dab09ab7795105a05575473
- name: github.com/krolaw/dhcp4
  version: 4de04cc59d6e4223583ec8117238e4d57e8b176d
  subpackages:
  - conn
- name: github.com/mattn/go-isatty
  version: fc9e8d8ef48496124e79ae0df75490096eccf6fe
- name: github.com/mitchellh/go-homedir
  version: b8bc1bf767474819792c23f32d8286a45736f1c6
- name: github.com/pborman/uuid
  version: e790cca94e6cc75c7064b1332e63811d4aae1a53
- name: github.com/pin/tftp
  version: d715325c1fc1f1a22a8272a60dc6783a5ab093ba
  subpackages:
  - netascii
- name: github.com/russross/blackfriday
  version: 4048872b16cc0fc2c5fd9eacf0ed2c2fedaa0c8c
- name: github.com/spf13/cobra
  version: 2df9a531813370438a4d79bfc33e21f58063ed87
  subpackages:
  - doc
- name: github.com/spf13/pflag
  version: e57e3eeb33f795204c1ca35f56c44f83227c6e66
- name: github.com/tylerb/graceful
  version: d72b0151351a13d0421b763b88f791469c4f5dc7
- name: github.com/ugorji/go
  version: 8c0409fcbb70099c748d71f714529204975f6c3f
  subpackages:
  - codec
- name: github.com/VictorLowther/jsonpatch2
  version: 728f2fee2a186b5764d9c9a8fa904279a22b1960
  subpackages:
  - utils
- name: github.com/vishvananda/netlink
  version: f67b75edbf5e3bb7dfe70bb788610693a71be3d1
  subpackages:
  - nl
- name: github.com/vishvananda/netns
  version: be1fbeda19366dea804f00efff2dd73a1642fdcc
- name: github.com/xeipuuv/gojsonpointer
  version: 6fe8760cad3569743d51ddbb243b26f8456742dc
- name: github.com/xeipuuv/gojsonreference
  version: e02fc20de94c78484cd5ffb007f8af96be030a45
- name: github.com/xeipuuv/gojsonschema
  version: 0c8571ac0ce161a5feb57375a9cdf148c98c0f70
- name: golang.org/x/crypto
  version: 81e90905daefcd6fd217b62423c0908922eadb30
  subpackages:
  - pbkdf2
  - scrypt
- name: golang.org/x/net
  version: 66aacef3dd8a676686c7ae3716979581e8b03c47
  subpackages:
  - bpf
  - context
  - icmp
  - internal/iana
  - internal/socket
  - ipv4
  - ipv6
  - route
- name: golang.org/x/sys
  version: 2d6f6f883a06fc0d5f4b14a81e4c28705ea64c15
  subpackages:
  - unix
- name: gopkg.in/go-playground/validator.v8
  version: 5f1438d3fca68893a817e4a66806cea46a9e4ebf
- name: gopkg.in/mgo.v2
  version: 3f83fa5005286a7fe593b055f0d7771a7dce4655
  repo: https://github.com/go-mgo/mgo
  subpackages:
  - bson
- name: gopkg.in/olahol/melody.v1
  version: d521390733761fe1db13de575c253afd5c743085
- name: gopkg.in/yaml.v2
  version: eb3733d160e74a9c7e442f435eb3bea458e1d19f
  repo: https://github.com/go-yaml/yaml
testImports: []
